{
  "name": "collisiondetectionfrc",
  "version": "1.0.0",
  "lockfileVersion": 3,
  "requires": true,
  "packages": {
    "": {
      "name": "collisiondetectionfrc",
      "version": "1.0.0",
      "license": "ISC",
      "dependencies": {
        "ml-distance-euclidean": "^3.0.1"
      }
    },
    "node_modules/ml-distance-euclidean": {
      "version": "3.0.1",
      "resolved": "https://registry.npmjs.org/ml-distance-euclidean/-/ml-distance-euclidean-3.0.1.tgz",
      "integrity": "sha512-jEEu/1a73ArPmIiwOzrcah6TfhtV19dCKnnM7JvdR2xTzyVJFGgIIR78Vg8Pl9z2NVeSRoFOpzc0910sPMINsA=="
    }
  }
}
